Microsoft Visual Studio Solution File, Format Version 12.00
# Visual Studio 2012
Project("{FAE04EC0-301F-11D3-BF4B-00C04F79EFBC}") = "GameExpo2", "GameExpo2.csproj", "{50C057F6-D8C4-407F-B5F1-AD307680E50E}"
EndProject
Global
	GlobalSection(SolutionConfigurationPlatforms) = preSolution
	Debug|Any CPU = Debug|Any CPU
	ExportDebug|Any CPU = ExportDebug|Any CPU
	ExportRelease|Any CPU = ExportRelease|Any CPU
	EndGlobalSection
	GlobalSection(ProjectConfigurationPlatforms) = postSolution
		{50C057F6-D8C4-407F-B5F1-AD307680E50E}.Debug|Any CPU.ActiveCfg = Debug|Any CPU
		{50C057F6-D8C4-407F-B5F1-AD307680E50E}.Debug|Any CPU.Build.0 = Debug|Any CPU
		{50C057F6-D8C4-407F-B5F1-AD307680E50E}.ExportDebug|Any CPU.ActiveCfg = ExportDebug|Any CPU
		{50C057F6-D8C4-407F-B5F1-AD307680E50E}.ExportDebug|Any CPU.Build.0 = ExportDebug|Any CPU
		{50C057F6-D8C4-407F-B5F1-AD307680E50E}.ExportRelease|Any CPU.ActiveCfg = ExportRelease|Any CPU
		{50C057F6-D8C4-407F-B5F1-AD307680E50E}.ExportRelease|Any CPU.Build.0 = ExportRelease|Any CPU
	EndGlobalSection
EndGlobal
